
Microsoft Visual Studio Solution File, Format Version 12.00
# Visual Studio Version 17
VisualStudioVersion = 17.14.36518.9
MinimumVisualStudioVersion = 10.0.40219.1
Project("{FAE04EC0-301F-11D3-BF4B-00C04F79EFBC}") = "SolarPOC", "SolarPOC\SolarPOC.csproj", "{08E09CB9-4CF7-42E1-8EE6-72AB7D283D03}"
EndProject
Project("{FAE04EC0-301F-11D3-BF4B-00C04F79EFBC}") = "SolarLiveStatusPanel", "SolarLiveStatusPanel\SolarLiveStatusPanel.csproj", "{D452C4A7-0DF3-4594-A8E2-4879C83306B3}"
EndProject
Project("{FAE04EC0-301F-11D3-BF4B-00C04F79EFBC}") = "ShellyPOC", "ShellyPOC\ShellyPOC.csproj", "{F238D9F9-74CA-46B2-B156-B5BDA53E2A59}"
EndProject
Project("{FAE04EC0-301F-11D3-BF4B-00C04F79EFBC}") = "NEnvoy", "NEnvoy\NEnvoy.csproj", "{C4A33295-7608-A089-1501-CB936E5FD590}"
EndProject
Global
	GlobalSection(SolutionConfigurationPlatforms) = preSolution
		Debug|Any CPU = Debug|Any CPU
		Release|Any CPU = Release|Any CPU
	EndGlobalSection
	GlobalSection(ProjectConfigurationPlatforms) = postSolution
		{08E09CB9-4CF7-42E1-8EE6-72AB7D283D03}.Debug|Any CPU.ActiveCfg = Debug|Any CPU
		{08E09CB9-4CF7-42E1-8EE6-72AB7D283D03}.Debug|Any CPU.Build.0 = Debug|Any CPU
		{08E09CB9-4CF7-42E1-8EE6-72AB7D283D03}.Release|Any CPU.ActiveCfg = Release|Any CPU
		{08E09CB9-4CF7-42E1-8EE6-72AB7D283D03}.Release|Any CPU.Build.0 = Release|Any CPU
		{D452C4A7-0DF3-4594-A8E2-4879C83306B3}.Debug|Any CPU.ActiveCfg = Debug|Any CPU
		{D452C4A7-0DF3-4594-A8E2-4879C83306B3}.Debug|Any CPU.Build.0 = Debug|Any CPU
		{D452C4A7-0DF3-4594-A8E2-4879C83306B3}.Release|Any CPU.ActiveCfg = Release|Any CPU
		{D452C4A7-0DF3-4594-A8E2-4879C83306B3}.Release|Any CPU.Build.0 = Release|Any CPU
		{F238D9F9-74CA-46B2-B156-B5BDA53E2A59}.Debug|Any CPU.ActiveCfg = Debug|Any CPU
		{F238D9F9-74CA-46B2-B156-B5BDA53E2A59}.Debug|Any CPU.Build.0 = Debug|Any CPU
		{F238D9F9-74CA-46B2-B156-B5BDA53E2A59}.Release|Any CPU.ActiveCfg = Release|Any CPU
		{F238D9F9-74CA-46B2-B156-B5BDA53E2A59}.Release|Any CPU.Build.0 = Release|Any CPU
		{C4A33295-7608-A089-1501-CB936E5FD590}.Debug|Any CPU.ActiveCfg = Debug|Any CPU
		{C4A33295-7608-A089-1501-CB936E5FD590}.Debug|Any CPU.Build.0 = Debug|Any CPU
		{C4A33295-7608-A089-1501-CB936E5FD590}.Release|Any CPU.ActiveCfg = Release|Any CPU
		{C4A33295-7608-A089-1501-CB936E5FD590}.Release|Any CPU.Build.0 = Release|Any CPU
	EndGlobalSection
	GlobalSection(SolutionProperties) = preSolution
		HideSolutionNode = FALSE
	EndGlobalSection
	GlobalSection(ExtensibilityGlobals) = postSolution
		SolutionGuid = {7E0E0751-8DF5-4612-95E4-11F7A16E9952}
	EndGlobalSection
EndGlobal
